
Microsoft Visual Studio Solution File, Format Version 12.00
# Visual Studio 15
Project("{FAE04EC0-301F-11D3-BF4B-00C04F79EFBC}") = "Assembly-CSharp", "Assembly-CSharp.csproj", "{B6E54916-494B-5A90-DE7D-F6D3CBB1A71E}"
EndProject
Project("{FAE04EC0-301F-11D3-BF4B-00C04F79EFBC}") = "Assembly-CSharp-Editor", "Assembly-CSharp-Editor.csproj", "{283922AE-9616-0CF5-3EEA-04E857071702}"
EndProject
Global
	GlobalSection(SolutionConfigurationPlatforms) = preSolution
		Debug|Any CPU = Debug|Any CPU
		Release|Any CPU = Release|Any CPU
	EndGlobalSection
	GlobalSection(ProjectConfigurationPlatforms) = postSolution
		{B6E54916-494B-5A90-DE7D-F6D3CBB1A71E}.Debug|Any CPU.ActiveCfg = Debug|Any CPU
		{B6E54916-494B-5A90-DE7D-F6D3CBB1A71E}.Debug|Any CPU.Build.0 = Debug|Any CPU
		{B6E54916-494B-5A90-DE7D-F6D3CBB1A71E}.Release|Any CPU.ActiveCfg = Release|Any CPU
		{B6E54916-494B-5A90-DE7D-F6D3CBB1A71E}.Release|Any CPU.Build.0 = Release|Any CPU
		{283922AE-9616-0CF5-3EEA-04E857071702}.Debug|Any CPU.ActiveCfg = Debug|Any CPU
		{283922AE-9616-0CF5-3EEA-04E857071702}.Debug|Any CPU.Build.0 = Debug|Any CPU
		{283922AE-9616-0CF5-3EEA-04E857071702}.Release|Any CPU.ActiveCfg = Release|Any CPU
		{283922AE-9616-0CF5-3EEA-04E857071702}.Release|Any CPU.Build.0 = Release|Any CPU
	EndGlobalSection
	GlobalSection(SolutionProperties) = preSolution
		HideSolutionNode = FALSE
	EndGlobalSection
EndGlobal
